// !$*UTF8*$!
{
	archiveVersion = 1;
	classes = {
	};
	objectVersion = 55;
	objects = {

/* Begin PBXBuildFile section */
		2E7285F828C15C8400B75B48 /* EventsMapApp.swift in Sources */ = {isa = PBXBuildFile; fileRef = 2E7285F728C15C8400B75B48 /* EventsMapApp.swift */; };
		2E7285FA28C15C8400B75B48 /* EventsScreen.swift in Sources */ = {isa = PBXBuildFile; fileRef = 2E7285F928C15C8400B75B48 /* EventsScreen.swift */; };
		2E7285FC28C15C8500B75B48 /* Assets.xcassets in Resources */ = {isa = PBXBuildFile; fileRef = 2E7285FB28C15C8500B75B48 /* Assets.xcassets */; };
		2E7285FF28C15C8500B75B48 /* Preview Assets.xcassets in Resources */ = {isa = PBXBuildFile; fileRef = 2E7285FE28C15C8500B75B48 /* Preview Assets.xcassets */; };
		2E72860728C1F08F00B75B48 /* EventsVM.swift in Sources */ = {isa = PBXBuildFile; fileRef = 2E72860628C1F08F00B75B48 /* EventsVM.swift */; };
		2E72860A28C1F12000B75B48 /* BaseVM.swift in Sources */ = {isa = PBXBuildFile; fileRef = 2E72860928C1F12000B75B48 /* BaseVM.swift */; };
		2E72860C28C1F6D400B75B48 /* EventsList.swift in Sources */ = {isa = PBXBuildFile; fileRef = 2E72860B28C1F6D400B75B48 /* EventsList.swift */; };
		2E72860E28C1F9AE00B75B48 /* BaseModelExtension.swift in Sources */ = {isa = PBXBuildFile; fileRef = 2E72860D28C1F9AE00B75B48 /* BaseModelExtension.swift */; };
		B3261524568D5F03DC990C38 /* Pods_EventsMap.framework in Frameworks */ = {isa = PBXBuildFile; fileRef = 2DDBBEDA48B314BDF9F96BD8 /* Pods_EventsMap.framework */; };
/* End PBXBuildFile section */

/* Begin PBXFileReference section */
		2DDBBEDA48B314BDF9F96BD8 /* Pods_EventsMap.framework */ = {isa = PBXFileReference; explicitFileType = wrapper.framework; includeInIndex = 0; path = Pods_EventsMap.framework; sourceTree = BUILT_PRODUCTS_DIR; };
		2E7285F428C15C8400B75B48 /* EventsMap.app */ = {isa = PBXFileReference; explicitFileType = wrapper.application; includeInIndex = 0; path = EventsMap.app; sourceTree = BUILT_PRODUCTS_DIR; };
		2E7285F728C15C8400B75B48 /* EventsMapApp.swift */ = {isa = PBXFileReference; lastKnownFileType = sourcecode.swift; path = EventsMapApp.swift; sourceTree = "<group>"; };
		2E7285F928C15C8400B75B48 /* EventsScreen.swift */ = {isa = PBXFileReference; lastKnownFileType = sourcecode.swift; path = EventsScreen.swift; sourceTree = "<group>"; };
		2E7285FB28C15C8500B75B48 /* Assets.xcassets */ = {isa = PBXFileReference; lastKnownFileType = folder.assetcatalog; path = Assets.xcassets; sourceTree = "<group>"; };
		2E7285FE28C15C8500B75B48 /* Preview Assets.xcassets */ = {isa = PBXFileReference; lastKnownFileType = folder.assetcatalog; path = "Preview Assets.xcassets"; sourceTree = "<group>"; };
		2E72860628C1F08F00B75B48 /* EventsVM.swift */ = {isa = PBXFileReference; lastKnownFileType = sourcecode.swift; path = EventsVM.swift; sourceTree = "<group>"; };
		2E72860928C1F12000B75B48 /* BaseVM.swift */ = {isa = PBXFileReference; lastKnownFileType = sourcecode.swift; path = BaseVM.swift; sourceTree = "<group>"; };
		2E72860B28C1F6D400B75B48 /* EventsList.swift */ = {isa = PBXFileReference; lastKnownFileType = sourcecode.swift; path = EventsList.swift; sourceTree = "<group>"; };
		2E72860D28C1F9AE00B75B48 /* BaseModelExtension.swift */ = {isa = PBXFileReference; lastKnownFileType = sourcecode.swift; path = BaseModelExtension.swift; sourceTree = "<group>"; };
		9B872BAC644590146247063D /* Pods-EventsMap.debug.xcconfig */ = {isa = PBXFileReference; includeInIndex = 1; lastKnownFileType = text.xcconfig; name = "Pods-EventsMap.debug.xcconfig"; path = "Target Support Files/Pods-EventsMap/Pods-EventsMap.debug.xcconfig"; sourceTree = "<group>"; };
		AABC9082A321B7CC51C9810F /* Pods-EventsMap.release.xcconfig */ = {isa = PBXFileReference; includeInIndex = 1; lastKnownFileType = text.xcconfig; name = "Pods-EventsMap.release.xcconfig"; path = "Target Support Files/Pods-EventsMap/Pods-EventsMap.release.xcconfig"; sourceTree = "<group>"; };
/* End PBXFileReference section */

/* Begin PBXFrameworksBuildPhase section */
		2E7285F128C15C8400B75B48 /* Frameworks */ = {
			isa = PBXFrameworksBuildPhase;
			buildActionMask = 2147483647;
			files = (
				B3261524568D5F03DC990C38 /* Pods_EventsMap.framework in Frameworks */,
			);
			runOnlyForDeploymentPostprocessing = 0;
		};
/* End PBXFrameworksBuildPhase section */

/* Begin PBXGroup section */
		2E7285EB28C15C8400B75B48 = {
			isa = PBXGroup;
			children = (
				2E7285F628C15C8400B75B48 /* EventsMap */,
				2E7285F528C15C8400B75B48 /* Products */,
				4DCB4183DAE85F5E540CA14B /* Pods */,
				C46A29F656ADBE90A05F07A0 /* Frameworks */,
			);
			sourceTree = "<group>";
		};
		2E7285F528C15C8400B75B48 /* Products */ = {
			isa = PBXGroup;
			children = (
				2E7285F428C15C8400B75B48 /* EventsMap.app */,
			);
			name = Products;
			sourceTree = "<group>";
		};
		2E7285F628C15C8400B75B48 /* EventsMap */ = {
			isa = PBXGroup;
			children = (
				2E72860828C1F11600B75B48 /* base */,
				2E72860528C1EF7000B75B48 /* events */,
				2E7285F728C15C8400B75B48 /* EventsMapApp.swift */,
				2E7285FB28C15C8500B75B48 /* Assets.xcassets */,
				2E7285FD28C15C8500B75B48 /* Preview Content */,
			);
			path = EventsMap;
			sourceTree = "<group>";
		};
		2E7285FD28C15C8500B75B48 /* Preview Content */ = {
			isa = PBXGroup;
			children = (
				2E7285FE28C15C8500B75B48 /* Preview Assets.xcassets */,
			);
			path = "Preview Content";
			sourceTree = "<group>";
		};
		2E72860528C1EF7000B75B48 /* events */ = {
			isa = PBXGroup;
			children = (
				2E7285F928C15C8400B75B48 /* EventsScreen.swift */,
				2E72860628C1F08F00B75B48 /* EventsVM.swift */,
				2E72860B28C1F6D400B75B48 /* EventsList.swift */,
			);
			path = events;
			sourceTree = "<group>";
		};
		2E72860828C1F11600B75B48 /* base */ = {
			isa = PBXGroup;
			children = (
				2E72860928C1F12000B75B48 /* BaseVM.swift */,
				2E72860D28C1F9AE00B75B48 /* BaseModelExtension.swift */,
			);
			path = base;
			sourceTree = "<group>";
		};
		4DCB4183DAE85F5E540CA14B /* Pods */ = {
			isa = PBXGroup;
			children = (
				9B872BAC644590146247063D /* Pods-EventsMap.debug.xcconfig */,
				AABC9082A321B7CC51C9810F /* Pods-EventsMap.release.xcconfig */,
			);
			path = Pods;
			sourceTree = "<group>";
		};
		C46A29F656ADBE90A05F07A0 /* Frameworks */ = {
			isa = PBXGroup;
			children = (
				2DDBBEDA48B314BDF9F96BD8 /* Pods_EventsMap.framework */,
			);
			name = Frameworks;
			sourceTree = "<group>";
		};
/* End PBXGroup section */

/* Begin PBXNativeTarget section */
		2E7285F328C15C8400B75B48 /* EventsMap */ = {
			isa = PBXNativeTarget;
			buildConfigurationList = 2E72860228C15C8500B75B48 /* Build configuration list for PBXNativeTarget "EventsMap" */;
			buildPhases = (
				C2036A4337D7403592CA50F4 /* [CP] Check Pods Manifest.lock */,
				2E7285F028C15C8400B75B48 /* Sources */,
				2E7285F128C15C8400B75B48 /* Frameworks */,
				2E7285F228C15C8400B75B48 /* Resources */,
			);
			buildRules = (
			);
			dependencies = (
			);
			name = EventsMap;
			productName = EventsMap;
			productReference = 2E7285F428C15C8400B75B48 /* EventsMap.app */;
			productType = "com.apple.product-type.application";
		};
/* End PBXNativeTarget section */

/* Begin PBXProject section */
		2E7285EC28C15C8400B75B48 /* Project object */ = {
			isa = PBXProject;
			attributes = {
				BuildIndependentTargetsInParallel = 1;
				LastSwiftUpdateCheck = 1340;
				LastUpgradeCheck = 1340;
				TargetAttributes = {
					2E7285F328C15C8400B75B48 = {
						CreatedOnToolsVersion = 13.4;
					};
				};
			};
			buildConfigurationList = 2E7285EF28C15C8400B75B48 /* Build configuration list for PBXProject "EventsMap" */;
			compatibilityVersion = "Xcode 13.0";
			developmentRegion = en;
			hasScannedForEncodings = 0;
			knownRegions = (
				en,
				Base,
			);
			mainGroup = 2E7285EB28C15C8400B75B48;
			productRefGroup = 2E7285F528C15C8400B75B48 /* Products */;
			projectDirPath = "";
			projectRoot = "";
			targets = (
				2E7285F328C15C8400B75B48 /* EventsMap */,
			);
		};
/* End PBXProject section */

/* Begin PBXResourcesBuildPhase section */
		2E7285F228C15C8400B75B48 /* Resources */ = {
			isa = PBXResourcesBuildPhase;
			buildActionMask = 2147483647;
			files = (
				2E7285FF28C15C8500B75B48 /* Preview Assets.xcassets in Resources */,
				2E7285FC28C15C8500B75B48 /* Assets.xcassets in Resources */,
			);
			runOnlyForDeploymentPostprocessing = 0;
		};
/* End PBXResourcesBuildPhase section */

/* Begin PBXShellScriptBuildPhase section */
		C2036A4337D7403592CA50F4 /* [CP] Check Pods Manifest.lock */ = {
			isa = PBXShellScriptBuildPhase;
			buildActionMask = 2147483647;
			files = (
			);
			inputFileListPaths = (
			);
			inputPaths = (
				"${PODS_PODFILE_DIR_PATH}/Podfile.lock",
				"${PODS_ROOT}/Manifest.lock",
			);
			name = "[CP] Check Pods Manifest.lock";
			outputFileListPaths = (
			);
			outputPaths = (
				"$(DERIVED_FILE_DIR)/Pods-EventsMap-checkManifestLockResult.txt",
			);
			runOnlyForDeploymentPostprocessing = 0;
			shellPath = /bin/sh;
			shellScript = "diff \"${PODS_PODFILE_DIR_PATH}/Podfile.lock\" \"${PODS_ROOT}/Manifest.lock\" > /dev/null\nif [ $? != 0 ] ; then\n    # print error to STDERR\n    echo \"error: The sandbox is not in sync with the Podfile.lock. Run 'pod install' or update your CocoaPods installation.\" >&2\n    exit 1\nfi\n# This output is used by Xcode 'outputs' to avoid re-running this script phase.\necho \"SUCCESS\" > \"${SCRIPT_OUTPUT_FILE_0}\"\n";
			showEnvVarsInLog = 0;
		};
/* End PBXShellScriptBuildPhase section */

/* Begin PBXSourcesBuildPhase section */
		2E7285F028C15C8400B75B48 /* Sources */ = {
			isa = PBXSourcesBuildPhase;
			buildActionMask = 2147483647;
			files = (
				2E72860C28C1F6D400B75B48 /* EventsList.swift in Sources */,
				2E7285FA28C15C8400B75B48 /* EventsScreen.swift in Sources */,
				2E72860A28C1F12000B75B48 /* BaseVM.swift in Sources */,
				2E7285F828C15C8400B75B48 /* EventsMapApp.swift in Sources */,
				2E72860E28C1F9AE00B75B48 /* BaseModelExtension.swift in Sources */,
				2E72860728C1F08F00B75B48 /* EventsVM.swift in Sources */,
			);
			runOnlyForDeploymentPostprocessing = 0;
		};
/* End PBXSourcesBuildPhase section */

/* Begin XCBuildConfiguration section */
		2E72860028C15C8500B75B48 /* Debug */ = {
			isa = XCBuildConfiguration;
			buildSettings = {
				ALWAYS_SEARCH_USER_PATHS = NO;
				CLANG_ANALYZER_NONNULL = YES;
				CLANG_ANALYZER_NUMBER_OBJECT_CONVERSION = YES_AGGRESSIVE;
				CLANG_CXX_LANGUAGE_STANDARD = "gnu++17";
				CLANG_ENABLE_MODULES = YES;
				CLANG_ENABLE_OBJC_ARC = YES;
				CLANG_ENABLE_OBJC_WEAK = YES;
				CLANG_WARN_BLOCK_CAPTURE_AUTORELEASING = YES;
				CLANG_WARN_BOOL_CONVERSION = YES;
				CLANG_WARN_COMMA = YES;
				CLANG_WARN_CONSTANT_CONVERSION = YES;
				CLANG_WARN_DEPRECATED_OBJC_IMPLEMENTATIONS = YES;
				CLANG_WARN_DIRECT_OBJC_ISA_USAGE = YES_ERROR;
				CLANG_WARN_DOCUMENTATION_COMMENTS = YES;
				CLANG_WARN_EMPTY_BODY = YES;
				CLANG_WARN_ENUM_CONVERSION = YES;
				CLANG_WARN_INFINITE_RECURSION = YES;
				CLANG_WARN_INT_CONVERSION = YES;
				CLANG_WARN_NON_LITERAL_NULL_CONVERSION = YES;
				CLANG_WARN_OBJC_IMPLICIT_RETAIN_SELF = YES;
				CLANG_WARN_OBJC_LITERAL_CONVERSION = YES;
				CLANG_WARN_OBJC_ROOT_CLASS = YES_ERROR;
				CLANG_WARN_QUOTED_INCLUDE_IN_FRAMEWORK_HEADER = YES;
				CLANG_WARN_RANGE_LOOP_ANALYSIS = YES;
				CLANG_WARN_STRICT_PROTOTYPES = YES;
				CLANG_WARN_SUSPICIOUS_MOVE = YES;
				CLANG_WARN_UNGUARDED_AVAILABILITY = YES_AGGRESSIVE;
				CLANG_WARN_UNREACHABLE_CODE = YES;
				CLANG_WARN__DUPLICATE_METHOD_MATCH = YES;
				COPY_PHASE_STRIP = NO;
				DEBUG_INFORMATION_FORMAT = dwarf;
				ENABLE_STRICT_OBJC_MSGSEND = YES;
				ENABLE_TESTABILITY = YES;
				GCC_C_LANGUAGE_STANDARD = gnu11;
				GCC_DYNAMIC_NO_PIC = NO;
				GCC_NO_COMMON_BLOCKS = YES;
				GCC_OPTIMIZATION_LEVEL = 0;
				GCC_PREPROCESSOR_DEFINITIONS = (
					"DEBUG=1",
					"$(inherited)",
				);
				GCC_WARN_64_TO_32_BIT_CONVERSION = YES;
				GCC_WARN_ABOUT_RETURN_TYPE = YES_ERROR;
				GCC_WARN_UNDECLARED_SELECTOR = YES;
				GCC_WARN_UNINITIALIZED_AUTOS = YES_AGGRESSIVE;
				GCC_WARN_UNUSED_FUNCTION = YES;
				GCC_WARN_UNUSED_VARIABLE = YES;
				IPHONEOS_DEPLOYMENT_TARGET = 15.5;
				MTL_ENABLE_DEBUG_INFO = INCLUDE_SOURCE;
				MTL_FAST_MATH = YES;
				ONLY_ACTIVE_ARCH = YES;
				SDKROOT = iphoneos;
				SWIFT_ACTIVE_COMPILATION_CONDITIONS = DEBUG;
				SWIFT_OPTIMIZATION_LEVEL = "-Onone";
			};
			name = Debug;
		};
		2E72860128C15C8500B75B48 /* Release */ = {
			isa = XCBuildConfiguration;
			buildSettings = {
				ALWAYS_SEARCH_USER_PATHS = NO;
				CLANG_ANALYZER_NONNULL = YES;
				CLANG_ANALYZER_NUMBER_OBJECT_CONVERSION = YES_AGGRESSIVE;
				CLANG_CXX_LANGUAGE_STANDARD = "gnu++17";
				CLANG_ENABLE_MODULES = YES;
				CLANG_ENABLE_OBJC_ARC = YES;
				CLANG_ENABLE_OBJC_WEAK = YES;
				CLANG_WARN_BLOCK_CAPTURE_AUTORELEASING = YES;
				CLANG_WARN_BOOL_CONVERSION = YES;
				CLANG_WARN_COMMA = YES;
				CLANG_WARN_CONSTANT_CONVERSION = YES;
				CLANG_WARN_DEPRECATED_OBJC_IMPLEMENTATIONS = YES;
				CLANG_WARN_DIRECT_OBJC_ISA_USAGE = YES_ERROR;
				CLANG_WARN_DOCUMENTATION_COMMENTS = YES;
				CLANG_WARN_EMPTY_BODY = YES;
				CLANG_WARN_ENUM_CONVERSION = YES;
				CLANG_WARN_INFINITE_RECURSION = YES;
				CLANG_WARN_INT_CONVERSION = YES;
				CLANG_WARN_NON_LITERAL_NULL_CONVERSION = YES;
				CLANG_WARN_OBJC_IMPLICIT_RETAIN_SELF = YES;
				CLANG_WARN_OBJC_LITERAL_CONVERSION = YES;
				CLANG_WARN_OBJC_ROOT_CLASS = YES_ERROR;
				CLANG_WARN_QUOTED_INCLUDE_IN_FRAMEWORK_HEADER = YES;
				CLANG_WARN_RANGE_LOOP_ANALYSIS = YES;
				CLANG_WARN_STRICT_PROTOTYPES = YES;
				CLANG_WARN_SUSPICIOUS_MOVE = YES;
				CLANG_WARN_UNGUARDED_AVAILABILITY = YES_AGGRESSIVE;
				CLANG_WARN_UNREACHABLE_CODE = YES;
				CLANG_WARN__DUPLICATE_METHOD_MATCH = YES;
				COPY_PHASE_STRIP = NO;
				DEBUG_INFORMATION_FORMAT = "dwarf-with-dsym";
				ENABLE_NS_ASSERTIONS = NO;
				ENABLE_STRICT_OBJC_MSGSEND = YES;
				GCC_C_LANGUAGE_STANDARD = gnu11;
				GCC_NO_COMMON_BLOCKS = YES;
				GCC_WARN_64_TO_32_BIT_CONVERSION = YES;
				GCC_WARN_ABOUT_RETURN_TYPE = YES_ERROR;
				GCC_WARN_UNDECLARED_SELECTOR = YES;
				GCC_WARN_UNINITIALIZED_AUTOS = YES_AGGRESSIVE;
				GCC_WARN_UNUSED_FUNCTION = YES;
				GCC_WARN_UNUSED_VARIABLE = YES;
				IPHONEOS_DEPLOYMENT_TARGET = 15.5;
				MTL_ENABLE_DEBUG_INFO = NO;
				MTL_FAST_MATH = YES;
				SDKROOT = iphoneos;
				SWIFT_COMPILATION_MODE = wholemodule;
				SWIFT_OPTIMIZATION_LEVEL = "-O";
				VALIDATE_PRODUCT = YES;
			};
			name = Release;
		};
		2E72860328C15C8500B75B48 /* Debug */ = {
			isa = XCBuildConfiguration;
			baseConfigurationReference = 9B872BAC644590146247063D /* Pods-EventsMap.debug.xcconfig */;
			buildSettings = {
				ASSETCATALOG_COMPILER_APPICON_NAME = AppIcon;
				ASSETCATALOG_COMPILER_GLOBAL_ACCENT_COLOR_NAME = AccentColor;
				CODE_SIGN_STYLE = Automatic;
				CURRENT_PROJECT_VERSION = 1;
				DEVELOPMENT_ASSET_PATHS = "\"EventsMap/Preview Content\"";
				DEVELOPMENT_TEAM = S54GCD2992;
				ENABLE_PREVIEWS = YES;
				GENERATE_INFOPLIST_FILE = YES;
				INFOPLIST_KEY_UIApplicationSceneManifest_Generation = YES;
				INFOPLIST_KEY_UIApplicationSupportsIndirectInputEvents = YES;
				INFOPLIST_KEY_UILaunchScreen_Generation = YES;
				INFOPLIST_KEY_UISupportedInterfaceOrientations_iPad = "UIInterfaceOrientationPortrait UIInterfaceOrientationPortraitUpsideDown UIInterfaceOrientationLandscapeLeft UIInterfaceOrientationLandscapeRight";
				INFOPLIST_KEY_UISupportedInterfaceOrientations_iPhone = "UIInterfaceOrientationPortrait UIInterfaceOrientationLandscapeLeft UIInterfaceOrientationLandscapeRight";
				LD_RUNPATH_SEARCH_PATHS = (
					"$(inherited)",
					"@executable_path/Frameworks",
				);
				MARKETING_VERSION = 1.0;
				PRODUCT_BUNDLE_IDENTIFIER = tarlad.EventsMap;
				PRODUCT_NAME = "$(TARGET_NAME)";
				SWIFT_EMIT_LOC_STRINGS = YES;
				SWIFT_VERSION = 5.0;
				TARGETED_DEVICE_FAMILY = "1,2";
			};
			name = Debug;
		};
		2E72860428C15C8500B75B48 /* Release */ = {
			isa = XCBuildConfiguration;
			baseConfigurationReference = AABC9082A321B7CC51C9810F /* Pods-EventsMap.release.xcconfig */;
			buildSettings = {
				ASSETCATALOG_COMPILER_APPICON_NAME = AppIcon;
				ASSETCATALOG_COMPILER_GLOBAL_ACCENT_COLOR_NAME = AccentColor;
				CODE_SIGN_STYLE = Automatic;
				CURRENT_PROJECT_VERSION = 1;
				DEVELOPMENT_ASSET_PATHS = "\"EventsMap/Preview Content\"";
				DEVELOPMENT_TEAM = S54GCD2992;
				ENABLE_PREVIEWS = YES;
				GENERATE_INFOPLIST_FILE = YES;
				INFOPLIST_KEY_UIApplicationSceneManifest_Generation = YES;
				INFOPLIST_KEY_UIApplicationSupportsIndirectInputEvents = YES;
				INFOPLIST_KEY_UILaunchScreen_Generation = YES;
				INFOPLIST_KEY_UISupportedInterfaceOrientations_iPad = "UIInterfaceOrientationPortrait UIInterfaceOrientationPortraitUpsideDown UIInterfaceOrientationLandscapeLeft UIInterfaceOrientationLandscapeRight";
				INFOPLIST_KEY_UISupportedInterfaceOrientations_iPhone = "UIInterfaceOrientationPortrait UIInterfaceOrientationLandscapeLeft UIInterfaceOrientationLandscapeRight";
				LD_RUNPATH_SEARCH_PATHS = (
					"$(inherited)",
					"@executable_path/Frameworks",
				);
				MARKETING_VERSION = 1.0;
				PRODUCT_BUNDLE_IDENTIFIER = tarlad.EventsMap;
				PRODUCT_NAME = "$(TARGET_NAME)";
				SWIFT_EMIT_LOC_STRINGS = YES;
				SWIFT_VERSION = 5.0;
				TARGETED_DEVICE_FAMILY = "1,2";
			};
			name = Release;
		};
/* End XCBuildConfiguration section */

/* Begin XCConfigurationList section */
		2E7285EF28C15C8400B75B48 /* Build configuration list for PBXProject "EventsMap" */ = {
			isa = XCConfigurationList;
			buildConfigurations = (
				2E72860028C15C8500B75B48 /* Debug */,
				2E72860128C15C8500B75B48 /* Release */,
			);
			defaultConfigurationIsVisible = 0;
			defaultConfigurationName = Release;
		};
		2E72860228C15C8500B75B48 /* Build configuration list for PBXNativeTarget "EventsMap" */ = {
			isa = XCConfigurationList;
			buildConfigurations = (
				2E72860328C15C8500B75B48 /* Debug */,
				2E72860428C15C8500B75B48 /* Release */,
			);
			defaultConfigurationIsVisible = 0;
			defaultConfigurationName = Release;
		};
/* End XCConfigurationList section */
	};
	rootObject = 2E7285EC28C15C8400B75B48 /* Project object */;
}
